
Microsoft Visual Studio Solution File, Format Version 12.00
# Visual Studio Version 16
VisualStudioVersion = 16.0.31229.75
MinimumVisualStudioVersion = 10.0.40219.1
Project("{FAE04EC0-301F-11D3-BF4B-00C04F79EFBC}") = "Client", "Client\Client.csproj", "{FB990427-0D6A-4437-9034-128FA544AA5D}"
EndProject
Global
	GlobalSection(SolutionConfigurationPlatforms) = preSolution
		Debug|Any CPU = Debug|Any CPU
		Release|Any CPU = Release|Any CPU
	EndGlobalSection
	GlobalSection(ProjectConfigurationPlatforms) = postSolution
		{FB990427-0D6A-4437-9034-128FA544AA5D}.Debug|Any CPU.ActiveCfg = Debug|Any CPU
		{FB990427-0D6A-4437-9034-128FA544AA5D}.Debug|Any CPU.Build.0 = Debug|Any CPU
		{FB990427-0D6A-4437-9034-128FA544AA5D}.Release|Any CPU.ActiveCfg = Release|Any CPU
		{FB990427-0D6A-4437-9034-128FA544AA5D}.Release|Any CPU.Build.0 = Release|Any CPU
	EndGlobalSection
	GlobalSection(SolutionProperties) = preSolution
		HideSolutionNode = FALSE
	EndGlobalSection
	GlobalSection(ExtensibilityGlobals) = postSolution
		SolutionGuid = {859FB1E2-D8A4-41CD-BDB9-48E37C354B48}
	EndGlobalSection
EndGlobal
