
Microsoft Visual Studio Solution File, Format Version 12.00
# Visual Studio Version 16
VisualStudioVersion = 16.0.30523.141
MinimumVisualStudioVersion = 10.0.40219.1
Project("{FAE04EC0-301F-11D3-BF4B-00C04F79EFBC}") = "ConsoleApp1", "ConsoleApp1\ConsoleApp1.csproj", "{5967C91D-A2FC-4BD0-82E0-909F0A790E51}"
EndProject
Global
	GlobalSection(SolutionConfigurationPlatforms) = preSolution
		Debug|Any CPU = Debug|Any CPU
		Release|Any CPU = Release|Any CPU
	EndGlobalSection
	GlobalSection(ProjectConfigurationPlatforms) = postSolution
		{5967C91D-A2FC-4BD0-82E0-909F0A790E51}.Debug|Any CPU.ActiveCfg = Debug|Any CPU
		{5967C91D-A2FC-4BD0-82E0-909F0A790E51}.Debug|Any CPU.Build.0 = Debug|Any CPU
		{5967C91D-A2FC-4BD0-82E0-909F0A790E51}.Release|Any CPU.ActiveCfg = Release|Any CPU
		{5967C91D-A2FC-4BD0-82E0-909F0A790E51}.Release|Any CPU.Build.0 = Release|Any CPU
	EndGlobalSection
	GlobalSection(SolutionProperties) = preSolution
		HideSolutionNode = FALSE
	EndGlobalSection
	GlobalSection(ExtensibilityGlobals) = postSolution
		SolutionGuid = {9E0BA91A-E4FB-4798-90F0-2F3135AEC8A6}
	EndGlobalSection
EndGlobal
